
Microsoft Visual Studio Solution File, Format Version 12.00
# Visual Studio Version 16
VisualStudioVersion = 16.0.29911.84
MinimumVisualStudioVersion = 10.0.40219.1
Project("{8BC9CEB8-8B4A-11D0-8D11-00A0C91BC942}") = "2174-로봇 시뮬레이션", "2174-로봇 시뮬레이션\2174-로봇 시뮬레이션.vcxproj", "{D12107F0-B2A4-43E1-BD77-E7ADBC7D5463}"
EndProject
Global
	GlobalSection(SolutionConfigurationPlatforms) = preSolution
		Debug|x64 = Debug|x64
		Debug|x86 = Debug|x86
		Release|x64 = Release|x64
		Release|x86 = Release|x86
	EndGlobalSection
	GlobalSection(ProjectConfigurationPlatforms) = postSolution
		{D12107F0-B2A4-43E1-BD77-E7ADBC7D5463}.Debug|x64.ActiveCfg = Debug|x64
		{D12107F0-B2A4-43E1-BD77-E7ADBC7D5463}.Debug|x64.Build.0 = Debug|x64
		{D12107F0-B2A4-43E1-BD77-E7ADBC7D5463}.Debug|x86.ActiveCfg = Debug|Win32
		{D12107F0-B2A4-43E1-BD77-E7ADBC7D5463}.Debug|x86.Build.0 = Debug|Win32
		{D12107F0-B2A4-43E1-BD77-E7ADBC7D5463}.Release|x64.ActiveCfg = Release|x64
		{D12107F0-B2A4-43E1-BD77-E7ADBC7D5463}.Release|x64.Build.0 = Release|x64
		{D12107F0-B2A4-43E1-BD77-E7ADBC7D5463}.Release|x86.ActiveCfg = Release|Win32
		{D12107F0-B2A4-43E1-BD77-E7ADBC7D5463}.Release|x86.Build.0 = Release|Win32
	EndGlobalSection
	GlobalSection(SolutionProperties) = preSolution
		HideSolutionNode = FALSE
	EndGlobalSection
	GlobalSection(ExtensibilityGlobals) = postSolution
		SolutionGuid = {7C9A4191-DF3B-4E02-B6F0-4A346833A145}
	EndGlobalSection
EndGlobal
